Microsoft Visual Studio Solution File, Format Version 12.00
# Visual Studio Version 17
VisualStudioVersion = 17.5.2.0
MinimumVisualStudioVersion = 10.0.40219.1
Project("{FAE04EC0-301F-11D3-BF4B-00C04F79EFBC}") = "PhotolibBackendClean", "PhotolibBackendClean.csproj", "{E92EAC99-B9B0-8884-F64E-A7C6A9485CAF}"
EndProject
Global
	GlobalSection(SolutionConfigurationPlatforms) = preSolution
		Debug|Any CPU = Debug|Any CPU
		Release|Any CPU = Release|Any CPU
	EndGlobalSection
	GlobalSection(ProjectConfigurationPlatforms) = postSolution
		{E92EAC99-B9B0-8884-F64E-A7C6A9485CAF}.Debug|Any CPU.ActiveCfg = Debug|Any CPU
		{E92EAC99-B9B0-8884-F64E-A7C6A9485CAF}.Debug|Any CPU.Build.0 = Debug|Any CPU
		{E92EAC99-B9B0-8884-F64E-A7C6A9485CAF}.Release|Any CPU.ActiveCfg = Release|Any CPU
		{E92EAC99-B9B0-8884-F64E-A7C6A9485CAF}.Release|Any CPU.Build.0 = Release|Any CPU
	EndGlobalSection
	GlobalSection(SolutionProperties) = preSolution
		HideSolutionNode = FALSE
	EndGlobalSection
	GlobalSection(ExtensibilityGlobals) = postSolution
		SolutionGuid = {402CE564-6A1A-463A-9C3C-9C7943BC7CA7}
	EndGlobalSection
EndGlobal
